
Microsoft Visual Studio Solution File, Format Version 12.00
# Visual Studio 15
VisualStudioVersion = 15.0.28307.421
MinimumVisualStudioVersion = 10.0.40219.1
Project("{FAE04EC0-301F-11D3-BF4B-00C04F79EFBC}") = "TLWorkshopCurrentRatingMod", "TLWorkshopCurrentRatingMod\TLWorkshopCurrentRatingMod.csproj", "{A1322CDD-7070-4661-B141-C5658429DDD1}"
EndProject
Global
	GlobalSection(SolutionConfigurationPlatforms) = preSolution
		Debug|Any CPU = Debug|Any CPU
		Release|Any CPU = Release|Any CPU
	EndGlobalSection
	GlobalSection(ProjectConfigurationPlatforms) = postSolution
		{A1322CDD-7070-4661-B141-C5658429DDD1}.Debug|Any CPU.ActiveCfg = Debug|Any CPU
		{A1322CDD-7070-4661-B141-C5658429DDD1}.Debug|Any CPU.Build.0 = Debug|Any CPU
		{A1322CDD-7070-4661-B141-C5658429DDD1}.Release|Any CPU.ActiveCfg = Release|Any CPU
		{A1322CDD-7070-4661-B141-C5658429DDD1}.Release|Any CPU.Build.0 = Release|Any CPU
	EndGlobalSection
	GlobalSection(SolutionProperties) = preSolution
		HideSolutionNode = FALSE
	EndGlobalSection
	GlobalSection(ExtensibilityGlobals) = postSolution
		SolutionGuid = {425E3CB8-8EFB-491F-A07B-0F36877C9E5B}
	EndGlobalSection
EndGlobal
